{
  "version": 4,
  "terraform_version": "1.2.6",
  "serial": 31,
  "lineage": "12495c0b-f83c-9609-b301-f56f72832dcb",
  "outputs": {},
  "resources": [
    {
      "mode": "managed",
      "type": "aws_instance",
      "name": "MyFirstInstnace",
      "provider": "provider[\"registry.terraform.io/hashicorp/aws\"]",
      "instances": [
        {
          "status": "tainted",
          "schema_version": 1,
          "attributes": {
            "ami": "ami-090fa75af13c156b4",
            "arn": "arn:aws:ec2:us-east-1:682446082170:instance/i-0fa3c9dc33c8ca5b2",
            "associate_public_ip_address": true,
            "availability_zone": "us-east-1b",
            "capacity_reservation_specification": [
              {
                "capacity_reservation_preference": "open",
                "capacity_reservation_target": []
              }
            ],
            "cpu_core_count": 1,
            "cpu_threads_per_core": 1,
            "credit_specification": [
              {
                "cpu_credits": "standard"
              }
            ],
            "disable_api_stop": false,
            "disable_api_termination": false,
            "ebs_block_device": [],
            "ebs_optimized": false,
            "enclave_options": [
              {
                "enabled": false
              }
            ],
            "ephemeral_block_device": [],
            "get_password_data": false,
            "hibernation": false,
            "host_id": null,
            "iam_instance_profile": "",
            "id": "i-0fa3c9dc33c8ca5b2",
            "instance_initiated_shutdown_behavior": "stop",
            "instance_state": "running",
            "instance_type": "t2.micro",
            "ipv6_address_count": 0,
            "ipv6_addresses": [],
            "key_name": "levelup_key",
            "launch_template": [],
            "maintenance_options": [
              {
                "auto_recovery": "default"
              }
            ],
            "metadata_options": [
              {
                "http_endpoint": "enabled",
                "http_put_response_hop_limit": 1,
                "http_tokens": "optional",
                "instance_metadata_tags": "disabled"
              }
            ],
            "monitoring": false,
            "network_interface": [],
            "outpost_arn": "",
            "password_data": "",
            "placement_group": "",
            "placement_partition_number": null,
            "primary_network_interface_id": "eni-09c1cae6272b25ff8",
            "private_dns": "ip-172-31-21-99.ec2.internal",
            "private_dns_name_options": [
              {
                "enable_resource_name_dns_a_record": false,
                "enable_resource_name_dns_aaaa_record": false,
                "hostname_type": "ip-name"
              }
            ],
            "private_ip": "172.31.21.99",
            "public_dns": "ec2-3-92-25-40.compute-1.amazonaws.com",
            "public_ip": "3.92.25.40",
            "root_block_device": [
              {
                "delete_on_termination": true,
                "device_name": "/dev/xvda",
                "encrypted": false,
                "iops": 100,
                "kms_key_id": "",
                "tags": {},
                "throughput": 0,
                "volume_id": "vol-08021452ddf810995",
                "volume_size": 8,
                "volume_type": "gp2"
              }
            ],
            "secondary_private_ips": [],
            "security_groups": [
              "default"
            ],
            "source_dest_check": true,
            "subnet_id": "subnet-0e5871e683b310bc3",
            "tags": {
              "Name": "custom_instance"
            },
            "tags_all": {
              "Name": "custom_instance"
            },
            "tenancy": "default",
            "timeouts": null,
            "user_data": null,
            "user_data_base64": null,
            "user_data_replace_on_change": false,
            "volume_tags": null,
            "vpc_security_group_ids": [
              "sg-01091755b71234590"
            ]
          },
          "sensitive_attributes": [],
          "private": "eyJlMmJmYjczMC1lY2FhLTExZTYtOGY4OC0zNDM2M2JjN2M0YzAiOnsiY3JlYXRlIjo2MDAwMDAwMDAwMDAsImRlbGV0ZSI6MTIwMDAwMDAwMDAwMCwidXBkYXRlIjo2MDAwMDAwMDAwMDB9LCJzY2hlbWFfdmVyc2lvbiI6IjEifQ==",
          "dependencies": [
            "aws_key_pair.levelup_key"
          ]
        }
      ]
    },
    {
      "mode": "managed",
      "type": "aws_key_pair",
      "name": "levelup_key",
      "provider": "provider[\"registry.terraform.io/hashicorp/aws\"]",
      "instances": [
        {
          "schema_version": 1,
          "attributes": {
            "arn": "arn:aws:ec2:us-east-1:682446082170:key-pair/levelup_key",
            "fingerprint": "a4:74:46:82:eb:c3:0a:4a:85:7b:81:08:79:85:25:f4",
            "id": "levelup_key",
            "key_name": "levelup_key",
            "key_name_prefix": "",
            "key_pair_id": "key-0d5641ec5c6ebf168",
            "key_type": "rsa",
            "public_key": "ssh-rsa AAAAB3NzaC1yc2EAAAADAQABAAABgQCt+JPng/CpNNEZPW33PGXWePHyrw0Oykag7gFfitQTxsHRTf4RzjJ59zKWJjrQgKaAi20Eyng3MKD6dy0QMrTL/VVDA286M6r6gaD0E7FQhQX2ucaacF12MZkiTG1B6pXtAWzeN2VlatxRHw055CqaPU3fcmlK9e4OMXfHm8S8fksbpU9VmlXwvzwq5brlRLhRGOgl75oNl4Zb6gzMZNNm5JrTzySjOHvyDULFieZ0efs0xnA2V0kSqszTSDXej1YtgY3LSzIl9XxPfVvT2J4ZlyMHxLxoovjjbyBif9JtnnCVUp3xUiaD3jiDXu3HluLowecoJThezo0ZkRXHHs2OE9LVqcUb/Y24BxqrBeVrviUM+O+MfFglHKCifE/IlRM18W5dL9VZSxmE9IPh+LapboHLU9ewPsQ78CIEhqx/0jyZFXKPNrDSYi51wrJWZ+KdlawO5KGT8i9Szz948S6M9jdEMMBSIhMOx30YqRXoPXYDAbCAcZH91tjCv8GYdtE= mehdi@mehdi-HP-EliteBook-840-G1",
            "tags": {},
            "tags_all": {}
          },
          "sensitive_attributes": [],
          "private": "eyJzY2hlbWFfdmVyc2lvbiI6IjEifQ=="
        }
      ]
    }
  ]
}
