{
  "version": 4,
  "terraform_version": "1.2.5",
  "serial": 3,
  "lineage": "12495c0b-f83c-9609-b301-f56f72832dcb",
  "outputs": {},
  "resources": [
    {
      "mode": "managed",
      "type": "aws_key_pair",
      "name": "levelup_key",
      "provider": "provider[\"registry.terraform.io/hashicorp/aws\"]",
      "instances": [
        {
          "schema_version": 1,
          "attributes": {
            "arn": "arn:aws:ec2:us-east-1:313326865370:key-pair/levelup_key",
            "fingerprint": "a4:74:46:82:eb:c3:0a:4a:85:7b:81:08:79:85:25:f4",
            "id": "levelup_key",
            "key_name": "levelup_key",
            "key_name_prefix": "",
            "key_pair_id": "key-03c095c4b1874edcc",
            "key_type": "rsa",
            "public_key": "ssh-rsa AAAAB3NzaC1yc2EAAAADAQABAAABgQCt+JPng/CpNNEZPW33PGXWePHyrw0Oykag7gFfitQTxsHRTf4RzjJ59zKWJjrQgKaAi20Eyng3MKD6dy0QMrTL/VVDA286M6r6gaD0E7FQhQX2ucaacF12MZkiTG1B6pXtAWzeN2VlatxRHw055CqaPU3fcmlK9e4OMXfHm8S8fksbpU9VmlXwvzwq5brlRLhRGOgl75oNl4Zb6gzMZNNm5JrTzySjOHvyDULFieZ0efs0xnA2V0kSqszTSDXej1YtgY3LSzIl9XxPfVvT2J4ZlyMHxLxoovjjbyBif9JtnnCVUp3xUiaD3jiDXu3HluLowecoJThezo0ZkRXHHs2OE9LVqcUb/Y24BxqrBeVrviUM+O+MfFglHKCifE/IlRM18W5dL9VZSxmE9IPh+LapboHLU9ewPsQ78CIEhqx/0jyZFXKPNrDSYi51wrJWZ+KdlawO5KGT8i9Szz948S6M9jdEMMBSIhMOx30YqRXoPXYDAbCAcZH91tjCv8GYdtE= mehdi@mehdi-HP-EliteBook-840-G1",
            "tags": null,
            "tags_all": {}
          },
          "sensitive_attributes": [],
          "private": "eyJzY2hlbWFfdmVyc2lvbiI6IjEifQ=="
        }
      ]
    }
  ]
}
